// !$*UTF8*$!
{
	archiveVersion = 1;
	classes = {
	};
	objectVersion = 55;
	objects = {

/* Begin PBXBuildFile section */
		279A330928B369B200C53CEB /* WeatherManager.swift in Sources */ = {isa = PBXBuildFile; fileRef = 279A330828B369B200C53CEB /* WeatherManager.swift */; };
		279A330B28B36A0D00C53CEB /* WeatherModel.swift in Sources */ = {isa = PBXBuildFile; fileRef = 279A330A28B36A0D00C53CEB /* WeatherModel.swift */; };
		279A331128B49C3D00C53CEB /* WeatherResponse.swift in Sources */ = {isa = PBXBuildFile; fileRef = 279A331028B49C3D00C53CEB /* WeatherResponse.swift */; };
		27D30FC828907C24000B2A84 /* AppDelegate.swift in Sources */ = {isa = PBXBuildFile; fileRef = 27D30FC728907C24000B2A84 /* AppDelegate.swift */; };
		27D30FCA28907C24000B2A84 /* SceneDelegate.swift in Sources */ = {isa = PBXBuildFile; fileRef = 27D30FC928907C24000B2A84 /* SceneDelegate.swift */; };
		27D30FCC28907C24000B2A84 /* WeatherViewController.swift in Sources */ = {isa = PBXBuildFile; fileRef = 27D30FCB28907C24000B2A84 /* WeatherViewController.swift */; };
		27D30FCF28907C24000B2A84 /* Main.storyboard in Resources */ = {isa = PBXBuildFile; fileRef = 27D30FCD28907C24000B2A84 /* Main.storyboard */; };
		27D30FD128907C25000B2A84 /* Assets.xcassets in Resources */ = {isa = PBXBuildFile; fileRef = 27D30FD028907C25000B2A84 /* Assets.xcassets */; };
		27D30FD428907C25000B2A84 /* LaunchScreen.storyboard in Resources */ = {isa = PBXBuildFile; fileRef = 27D30FD228907C25000B2A84 /* LaunchScreen.storyboard */; };
		27D30FE028907E88000B2A84 /* DataService.swift in Sources */ = {isa = PBXBuildFile; fileRef = 27D30FDF28907E88000B2A84 /* DataService.swift */; };
		27D30FE228908BD7000B2A84 /* WeatherCollectionViewCell.swift in Sources */ = {isa = PBXBuildFile; fileRef = 27D30FE128908BD7000B2A84 /* WeatherCollectionViewCell.swift */; };
/* End PBXBuildFile section */

/* Begin PBXFileReference section */
		279A330828B369B200C53CEB /* WeatherManager.swift */ = {isa = PBXFileReference; lastKnownFileType = sourcecode.swift; path = WeatherManager.swift; sourceTree = "<group>"; };
		279A330A28B36A0D00C53CEB /* WeatherModel.swift */ = {isa = PBXFileReference; lastKnownFileType = sourcecode.swift; path = WeatherModel.swift; sourceTree = "<group>"; };
		279A331028B49C3D00C53CEB /* WeatherResponse.swift */ = {isa = PBXFileReference; lastKnownFileType = sourcecode.swift; path = WeatherResponse.swift; sourceTree = "<group>"; };
		27D30FC428907C24000B2A84 /* Weather.app */ = {isa = PBXFileReference; explicitFileType = wrapper.application; includeInIndex = 0; path = Weather.app; sourceTree = BUILT_PRODUCTS_DIR; };
		27D30FC728907C24000B2A84 /* AppDelegate.swift */ = {isa = PBXFileReference; lastKnownFileType = sourcecode.swift; path = AppDelegate.swift; sourceTree = "<group>"; };
		27D30FC928907C24000B2A84 /* SceneDelegate.swift */ = {isa = PBXFileReference; lastKnownFileType = sourcecode.swift; path = SceneDelegate.swift; sourceTree = "<group>"; };
		27D30FCB28907C24000B2A84 /* WeatherViewController.swift */ = {isa = PBXFileReference; lastKnownFileType = sourcecode.swift; path = WeatherViewController.swift; sourceTree = "<group>"; };
		27D30FCE28907C24000B2A84 /* Base */ = {isa = PBXFileReference; lastKnownFileType = file.storyboard; name = Base; path = Base.lproj/Main.storyboard; sourceTree = "<group>"; };
		27D30FD028907C25000B2A84 /* Assets.xcassets */ = {isa = PBXFileReference; lastKnownFileType = folder.assetcatalog; path = Assets.xcassets; sourceTree = "<group>"; };
		27D30FD328907C25000B2A84 /* Base */ = {isa = PBXFileReference; lastKnownFileType = file.storyboard; name = Base; path = Base.lproj/LaunchScreen.storyboard; sourceTree = "<group>"; };
		27D30FD528907C25000B2A84 /* Info.plist */ = {isa = PBXFileReference; lastKnownFileType = text.plist.xml; path = Info.plist; sourceTree = "<group>"; };
		27D30FDF28907E88000B2A84 /* DataService.swift */ = {isa = PBXFileReference; lastKnownFileType = sourcecode.swift; path = DataService.swift; sourceTree = "<group>"; };
		27D30FE128908BD7000B2A84 /* WeatherCollectionViewCell.swift */ = {isa = PBXFileReference; lastKnownFileType = sourcecode.swift; path = WeatherCollectionViewCell.swift; sourceTree = "<group>"; };
/* End PBXFileReference section */

/* Begin PBXFrameworksBuildPhase section */
		27D30FC128907C24000B2A84 /* Frameworks */ = {
			isa = PBXFrameworksBuildPhase;
			buildActionMask = 2147483647;
			files = (
			);
			runOnlyForDeploymentPostprocessing = 0;
		};
/* End PBXFrameworksBuildPhase section */

/* Begin PBXGroup section */
		27D30FBB28907C24000B2A84 = {
			isa = PBXGroup;
			children = (
				27D30FC628907C24000B2A84 /* Weather */,
				27D30FC528907C24000B2A84 /* Products */,
			);
			sourceTree = "<group>";
		};
		27D30FC528907C24000B2A84 /* Products */ = {
			isa = PBXGroup;
			children = (
				27D30FC428907C24000B2A84 /* Weather.app */,
			);
			name = Products;
			sourceTree = "<group>";
		};
		27D30FC628907C24000B2A84 /* Weather */ = {
			isa = PBXGroup;
			children = (
				27D30FDE28907C3B000B2A84 /* Services */,
				27D30FDD28907C37000B2A84 /* Controller */,
				27D30FDC28907C33000B2A84 /* View */,
				27D30FDB28907C2E000B2A84 /* Model */,
				27D30FC728907C24000B2A84 /* AppDelegate.swift */,
				27D30FC928907C24000B2A84 /* SceneDelegate.swift */,
				27D30FCD28907C24000B2A84 /* Main.storyboard */,
				27D30FD028907C25000B2A84 /* Assets.xcassets */,
				27D30FD228907C25000B2A84 /* LaunchScreen.storyboard */,
				27D30FD528907C25000B2A84 /* Info.plist */,
			);
			path = Weather;
			sourceTree = "<group>";
		};
		27D30FDB28907C2E000B2A84 /* Model */ = {
			isa = PBXGroup;
			children = (
				279A330A28B36A0D00C53CEB /* WeatherModel.swift */,
				279A331028B49C3D00C53CEB /* WeatherResponse.swift */,
			);
			path = Model;
			sourceTree = "<group>";
		};
		27D30FDC28907C33000B2A84 /* View */ = {
			isa = PBXGroup;
			children = (
				27D30FE128908BD7000B2A84 /* WeatherCollectionViewCell.swift */,
			);
			path = View;
			sourceTree = "<group>";
		};
		27D30FDD28907C37000B2A84 /* Controller */ = {
			isa = PBXGroup;
			children = (
				27D30FCB28907C24000B2A84 /* WeatherViewController.swift */,
				279A330828B369B200C53CEB /* WeatherManager.swift */,
			);
			path = Controller;
			sourceTree = "<group>";
		};
		27D30FDE28907C3B000B2A84 /* Services */ = {
			isa = PBXGroup;
			children = (
				27D30FDF28907E88000B2A84 /* DataService.swift */,
			);
			path = Services;
			sourceTree = "<group>";
		};
/* End PBXGroup section */

/* Begin PBXNativeTarget section */
		27D30FC328907C24000B2A84 /* Weather */ = {
			isa = PBXNativeTarget;
			buildConfigurationList = 27D30FD828907C25000B2A84 /* Build configuration list for PBXNativeTarget "Weather" */;
			buildPhases = (
				27D30FC028907C24000B2A84 /* Sources */,
				27D30FC128907C24000B2A84 /* Frameworks */,
				27D30FC228907C24000B2A84 /* Resources */,
			);
			buildRules = (
			);
			dependencies = (
			);
			name = Weather;
			productName = Weather;
			productReference = 27D30FC428907C24000B2A84 /* Weather.app */;
			productType = "com.apple.product-type.application";
		};
/* End PBXNativeTarget section */

/* Begin PBXProject section */
		27D30FBC28907C24000B2A84 /* Project object */ = {
			isa = PBXProject;
			attributes = {
				BuildIndependentTargetsInParallel = 1;
				LastSwiftUpdateCheck = 1340;
				LastUpgradeCheck = 1340;
				TargetAttributes = {
					27D30FC328907C24000B2A84 = {
						CreatedOnToolsVersion = 13.4.1;
					};
				};
			};
			buildConfigurationList = 27D30FBF28907C24000B2A84 /* Build configuration list for PBXProject "Weather" */;
			compatibilityVersion = "Xcode 13.0";
			developmentRegion = en;
			hasScannedForEncodings = 0;
			knownRegions = (
				en,
				Base,
			);
			mainGroup = 27D30FBB28907C24000B2A84;
			productRefGroup = 27D30FC528907C24000B2A84 /* Products */;
			projectDirPath = "";
			projectRoot = "";
			targets = (
				27D30FC328907C24000B2A84 /* Weather */,
			);
		};
/* End PBXProject section */

/* Begin PBXResourcesBuildPhase section */
		27D30FC228907C24000B2A84 /* Resources */ = {
			isa = PBXResourcesBuildPhase;
			buildActionMask = 2147483647;
			files = (
				27D30FD428907C25000B2A84 /* LaunchScreen.storyboard in Resources */,
				27D30FD128907C25000B2A84 /* Assets.xcassets in Resources */,
				27D30FCF28907C24000B2A84 /* Main.storyboard in Resources */,
			);
			runOnlyForDeploymentPostprocessing = 0;
		};
/* End PBXResourcesBuildPhase section */

/* Begin PBXSourcesBuildPhase section */
		27D30FC028907C24000B2A84 /* Sources */ = {
			isa = PBXSourcesBuildPhase;
			buildActionMask = 2147483647;
			files = (
				27D30FE228908BD7000B2A84 /* WeatherCollectionViewCell.swift in Sources */,
				279A330928B369B200C53CEB /* WeatherManager.swift in Sources */,
				279A331128B49C3D00C53CEB /* WeatherResponse.swift in Sources */,
				27D30FCC28907C24000B2A84 /* WeatherViewController.swift in Sources */,
				27D30FC828907C24000B2A84 /* AppDelegate.swift in Sources */,
				27D30FCA28907C24000B2A84 /* SceneDelegate.swift in Sources */,
				27D30FE028907E88000B2A84 /* DataService.swift in Sources */,
				279A330B28B36A0D00C53CEB /* WeatherModel.swift in Sources */,
			);
			runOnlyForDeploymentPostprocessing = 0;
		};
/* End PBXSourcesBuildPhase section */

/* Begin PBXVariantGroup section */
		27D30FCD28907C24000B2A84 /* Main.storyboard */ = {
			isa = PBXVariantGroup;
			children = (
				27D30FCE28907C24000B2A84 /* Base */,
			);
			name = Main.storyboard;
			sourceTree = "<group>";
		};
		27D30FD228907C25000B2A84 /* LaunchScreen.storyboard */ = {
			isa = PBXVariantGroup;
			children = (
				27D30FD328907C25000B2A84 /* Base */,
			);
			name = LaunchScreen.storyboard;
			sourceTree = "<group>";
		};
/* End PBXVariantGroup section */

/* Begin XCBuildConfiguration section */
		27D30FD628907C25000B2A84 /* Debug */ = {
			isa = XCBuildConfiguration;
			buildSettings = {
				ALWAYS_SEARCH_USER_PATHS = NO;
				CLANG_ANALYZER_NONNULL = YES;
				CLANG_ANALYZER_NUMBER_OBJECT_CONVERSION = YES_AGGRESSIVE;
				CLANG_CXX_LANGUAGE_STANDARD = "gnu++17";
				CLANG_ENABLE_MODULES = YES;
				CLANG_ENABLE_OBJC_ARC = YES;
				CLANG_ENABLE_OBJC_WEAK = YES;
				CLANG_WARN_BLOCK_CAPTURE_AUTORELEASING = YES;
				CLANG_WARN_BOOL_CONVERSION = YES;
				CLANG_WARN_COMMA = YES;
				CLANG_WARN_CONSTANT_CONVERSION = YES;
				CLANG_WARN_DEPRECATED_OBJC_IMPLEMENTATIONS = YES;
				CLANG_WARN_DIRECT_OBJC_ISA_USAGE = YES_ERROR;
				CLANG_WARN_DOCUMENTATION_COMMENTS = YES;
				CLANG_WARN_EMPTY_BODY = YES;
				CLANG_WARN_ENUM_CONVERSION = YES;
				CLANG_WARN_INFINITE_RECURSION = YES;
				CLANG_WARN_INT_CONVERSION = YES;
				CLANG_WARN_NON_LITERAL_NULL_CONVERSION = YES;
				CLANG_WARN_OBJC_IMPLICIT_RETAIN_SELF = YES;
				CLANG_WARN_OBJC_LITERAL_CONVERSION = YES;
				CLANG_WARN_OBJC_ROOT_CLASS = YES_ERROR;
				CLANG_WARN_QUOTED_INCLUDE_IN_FRAMEWORK_HEADER = YES;
				CLANG_WARN_RANGE_LOOP_ANALYSIS = YES;
				CLANG_WARN_STRICT_PROTOTYPES = YES;
				CLANG_WARN_SUSPICIOUS_MOVE = YES;
				CLANG_WARN_UNGUARDED_AVAILABILITY = YES_AGGRESSIVE;
				CLANG_WARN_UNREACHABLE_CODE = YES;
				CLANG_WARN__DUPLICATE_METHOD_MATCH = YES;
				COPY_PHASE_STRIP = NO;
				DEBUG_INFORMATION_FORMAT = dwarf;
				ENABLE_STRICT_OBJC_MSGSEND = YES;
				ENABLE_TESTABILITY = YES;
				GCC_C_LANGUAGE_STANDARD = gnu11;
				GCC_DYNAMIC_NO_PIC = NO;
				GCC_NO_COMMON_BLOCKS = YES;
				GCC_OPTIMIZATION_LEVEL = 0;
				GCC_PREPROCESSOR_DEFINITIONS = (
					"DEBUG=1",
					"$(inherited)",
				);
				GCC_WARN_64_TO_32_BIT_CONVERSION = YES;
				GCC_WARN_ABOUT_RETURN_TYPE = YES_ERROR;
				GCC_WARN_UNDECLARED_SELECTOR = YES;
				GCC_WARN_UNINITIALIZED_AUTOS = YES_AGGRESSIVE;
				GCC_WARN_UNUSED_FUNCTION = YES;
				GCC_WARN_UNUSED_VARIABLE = YES;
				IPHONEOS_DEPLOYMENT_TARGET = 15.5;
				MTL_ENABLE_DEBUG_INFO = INCLUDE_SOURCE;
				MTL_FAST_MATH = YES;
				ONLY_ACTIVE_ARCH = YES;
				SDKROOT = iphoneos;
				SWIFT_ACTIVE_COMPILATION_CONDITIONS = DEBUG;
				SWIFT_OPTIMIZATION_LEVEL = "-Onone";
			};
			name = Debug;
		};
		27D30FD728907C25000B2A84 /* Release */ = {
			isa = XCBuildConfiguration;
			buildSettings = {
				ALWAYS_SEARCH_USER_PATHS = NO;
				CLANG_ANALYZER_NONNULL = YES;
				CLANG_ANALYZER_NUMBER_OBJECT_CONVERSION = YES_AGGRESSIVE;
				CLANG_CXX_LANGUAGE_STANDARD = "gnu++17";
				CLANG_ENABLE_MODULES = YES;
				CLANG_ENABLE_OBJC_ARC = YES;
				CLANG_ENABLE_OBJC_WEAK = YES;
				CLANG_WARN_BLOCK_CAPTURE_AUTORELEASING = YES;
				CLANG_WARN_BOOL_CONVERSION = YES;
				CLANG_WARN_COMMA = YES;
				CLANG_WARN_CONSTANT_CONVERSION = YES;
				CLANG_WARN_DEPRECATED_OBJC_IMPLEMENTATIONS = YES;
				CLANG_WARN_DIRECT_OBJC_ISA_USAGE = YES_ERROR;
				CLANG_WARN_DOCUMENTATION_COMMENTS = YES;
				CLANG_WARN_EMPTY_BODY = YES;
				CLANG_WARN_ENUM_CONVERSION = YES;
				CLANG_WARN_INFINITE_RECURSION = YES;
				CLANG_WARN_INT_CONVERSION = YES;
				CLANG_WARN_NON_LITERAL_NULL_CONVERSION = YES;
				CLANG_WARN_OBJC_IMPLICIT_RETAIN_SELF = YES;
				CLANG_WARN_OBJC_LITERAL_CONVERSION = YES;
				CLANG_WARN_OBJC_ROOT_CLASS = YES_ERROR;
				CLANG_WARN_QUOTED_INCLUDE_IN_FRAMEWORK_HEADER = YES;
				CLANG_WARN_RANGE_LOOP_ANALYSIS = YES;
				CLANG_WARN_STRICT_PROTOTYPES = YES;
				CLANG_WARN_SUSPICIOUS_MOVE = YES;
				CLANG_WARN_UNGUARDED_AVAILABILITY = YES_AGGRESSIVE;
				CLANG_WARN_UNREACHABLE_CODE = YES;
				CLANG_WARN__DUPLICATE_METHOD_MATCH = YES;
				COPY_PHASE_STRIP = NO;
				DEBUG_INFORMATION_FORMAT = "dwarf-with-dsym";
				ENABLE_NS_ASSERTIONS = NO;
				ENABLE_STRICT_OBJC_MSGSEND = YES;
				GCC_C_LANGUAGE_STANDARD = gnu11;
				GCC_NO_COMMON_BLOCKS = YES;
				GCC_WARN_64_TO_32_BIT_CONVERSION = YES;
				GCC_WARN_ABOUT_RETURN_TYPE = YES_ERROR;
				GCC_WARN_UNDECLARED_SELECTOR = YES;
				GCC_WARN_UNINITIALIZED_AUTOS = YES_AGGRESSIVE;
				GCC_WARN_UNUSED_FUNCTION = YES;
				GCC_WARN_UNUSED_VARIABLE = YES;
				IPHONEOS_DEPLOYMENT_TARGET = 15.5;
				MTL_ENABLE_DEBUG_INFO = NO;
				MTL_FAST_MATH = YES;
				SDKROOT = iphoneos;
				SWIFT_COMPILATION_MODE = wholemodule;
				SWIFT_OPTIMIZATION_LEVEL = "-O";
				VALIDATE_PRODUCT = YES;
			};
			name = Release;
		};
		27D30FD928907C25000B2A84 /* Debug */ = {
			isa = XCBuildConfiguration;
			buildSettings = {
				ASSETCATALOG_COMPILER_APPICON_NAME = AppIcon;
				ASSETCATALOG_COMPILER_GLOBAL_ACCENT_COLOR_NAME = AccentColor;
				CODE_SIGN_STYLE = Automatic;
				CURRENT_PROJECT_VERSION = 1;
				DEVELOPMENT_TEAM = EQA75LF4X3;
				GENERATE_INFOPLIST_FILE = YES;
				INFOPLIST_FILE = Weather/Info.plist;
				INFOPLIST_KEY_NSLocationWhenInUseUsageDescription = "Used to show weather in area";
				INFOPLIST_KEY_UIApplicationSupportsIndirectInputEvents = YES;
				INFOPLIST_KEY_UILaunchStoryboardName = LaunchScreen;
				INFOPLIST_KEY_UIMainStoryboardFile = Main;
				INFOPLIST_KEY_UISupportedInterfaceOrientations_iPad = "UIInterfaceOrientationPortrait UIInterfaceOrientationPortraitUpsideDown UIInterfaceOrientationLandscapeLeft UIInterfaceOrientationLandscapeRight";
				INFOPLIST_KEY_UISupportedInterfaceOrientations_iPhone = "UIInterfaceOrientationPortrait UIInterfaceOrientationLandscapeLeft UIInterfaceOrientationLandscapeRight";
				LD_RUNPATH_SEARCH_PATHS = (
					"$(inherited)",
					"@executable_path/Frameworks",
				);
				MARKETING_VERSION = 1.0;
				PRODUCT_BUNDLE_IDENTIFIER = com.baldwinjames.Weather;
				PRODUCT_NAME = "$(TARGET_NAME)";
				SWIFT_EMIT_LOC_STRINGS = YES;
				SWIFT_VERSION = 5.0;
				TARGETED_DEVICE_FAMILY = "1,2";
			};
			name = Debug;
		};
		27D30FDA28907C25000B2A84 /* Release */ = {
			isa = XCBuildConfiguration;
			buildSettings = {
				ASSETCATALOG_COMPILER_APPICON_NAME = AppIcon;
				ASSETCATALOG_COMPILER_GLOBAL_ACCENT_COLOR_NAME = AccentColor;
				CODE_SIGN_STYLE = Automatic;
				CURRENT_PROJECT_VERSION = 1;
				DEVELOPMENT_TEAM = EQA75LF4X3;
				GENERATE_INFOPLIST_FILE = YES;
				INFOPLIST_FILE = Weather/Info.plist;
				INFOPLIST_KEY_NSLocationWhenInUseUsageDescription = "Used to show weather in area";
				INFOPLIST_KEY_UIApplicationSupportsIndirectInputEvents = YES;
				INFOPLIST_KEY_UILaunchStoryboardName = LaunchScreen;
				INFOPLIST_KEY_UIMainStoryboardFile = Main;
				INFOPLIST_KEY_UISupportedInterfaceOrientations_iPad = "UIInterfaceOrientationPortrait UIInterfaceOrientationPortraitUpsideDown UIInterfaceOrientationLandscapeLeft UIInterfaceOrientationLandscapeRight";
				INFOPLIST_KEY_UISupportedInterfaceOrientations_iPhone = "UIInterfaceOrientationPortrait UIInterfaceOrientationLandscapeLeft UIInterfaceOrientationLandscapeRight";
				LD_RUNPATH_SEARCH_PATHS = (
					"$(inherited)",
					"@executable_path/Frameworks",
				);
				MARKETING_VERSION = 1.0;
				PRODUCT_BUNDLE_IDENTIFIER = com.baldwinjames.Weather;
				PRODUCT_NAME = "$(TARGET_NAME)";
				SWIFT_EMIT_LOC_STRINGS = YES;
				SWIFT_VERSION = 5.0;
				TARGETED_DEVICE_FAMILY = "1,2";
			};
			name = Release;
		};
/* End XCBuildConfiguration section */

/* Begin XCConfigurationList section */
		27D30FBF28907C24000B2A84 /* Build configuration list for PBXProject "Weather" */ = {
			isa = XCConfigurationList;
			buildConfigurations = (
				27D30FD628907C25000B2A84 /* Debug */,
				27D30FD728907C25000B2A84 /* Release */,
			);
			defaultConfigurationIsVisible = 0;
			defaultConfigurationName = Release;
		};
		27D30FD828907C25000B2A84 /* Build configuration list for PBXNativeTarget "Weather" */ = {
			isa = XCConfigurationList;
			buildConfigurations = (
				27D30FD928907C25000B2A84 /* Debug */,
				27D30FDA28907C25000B2A84 /* Release */,
			);
			defaultConfigurationIsVisible = 0;
			defaultConfigurationName = Release;
		};
/* End XCConfigurationList section */
	};
	rootObject = 27D30FBC28907C24000B2A84 /* Project object */;
}
